// !$*UTF8*$!
{
	archiveVersion = 1;
	classes = {
	};
	objectVersion = 50;
	objects = {

/* Begin PBXBuildFile section */
		D1E96004251891630030BF07 /* AppDelegate.swift in Sources */ = {isa = PBXBuildFile; fileRef = D1E96003251891630030BF07 /* AppDelegate.swift */; };
		D1E96006251891630030BF07 /* SceneDelegate.swift in Sources */ = {isa = PBXBuildFile; fileRef = D1E96005251891630030BF07 /* SceneDelegate.swift */; };
		D1E96008251891630030BF07 /* ViewController.swift in Sources */ = {isa = PBXBuildFile; fileRef = D1E96007251891630030BF07 /* ViewController.swift */; };
		D1E9600B251891630030BF07 /* Main.storyboard in Resources */ = {isa = PBXBuildFile; fileRef = D1E96009251891630030BF07 /* Main.storyboard */; };
		D1E9600D251891690030BF07 /* Assets.xcassets in Resources */ = {isa = PBXBuildFile; fileRef = D1E9600C251891690030BF07 /* Assets.xcassets */; };
		D1E96010251891690030BF07 /* LaunchScreen.storyboard in Resources */ = {isa = PBXBuildFile; fileRef = D1E9600E251891690030BF07 /* LaunchScreen.storyboard */; };
		D1E9601B251891690030BF07 /* techitterRDBTests.swift in Sources */ = {isa = PBXBuildFile; fileRef = D1E9601A251891690030BF07 /* techitterRDBTests.swift */; };
		D1E96026251891690030BF07 /* techitterRDBUITests.swift in Sources */ = {isa = PBXBuildFile; fileRef = D1E96025251891690030BF07 /* techitterRDBUITests.swift */; };
		D1E96036251901BC0030BF07 /* TweetViewController.swift in Sources */ = {isa = PBXBuildFile; fileRef = D1E96035251901BC0030BF07 /* TweetViewController.swift */; };
/* End PBXBuildFile section */

/* Begin PBXContainerItemProxy section */
		D1E96017251891690030BF07 /* PBXContainerItemProxy */ = {
			isa = PBXContainerItemProxy;
			containerPortal = D1E95FF8251891620030BF07 /* Project object */;
			proxyType = 1;
			remoteGlobalIDString = D1E95FFF251891630030BF07;
			remoteInfo = techitterRDB;
		};
		D1E96022251891690030BF07 /* PBXContainerItemProxy */ = {
			isa = PBXContainerItemProxy;
			containerPortal = D1E95FF8251891620030BF07 /* Project object */;
			proxyType = 1;
			remoteGlobalIDString = D1E95FFF251891630030BF07;
			remoteInfo = techitterRDB;
		};
/* End PBXContainerItemProxy section */

/* Begin PBXFileReference section */
		D1E96000251891630030BF07 /* techitterRDB.app */ = {isa = PBXFileReference; explicitFileType = wrapper.application; includeInIndex = 0; path = techitterRDB.app; sourceTree = BUILT_PRODUCTS_DIR; };
		D1E96003251891630030BF07 /* AppDelegate.swift */ = {isa = PBXFileReference; lastKnownFileType = sourcecode.swift; path = AppDelegate.swift; sourceTree = "<group>"; };
		D1E96005251891630030BF07 /* SceneDelegate.swift */ = {isa = PBXFileReference; lastKnownFileType = sourcecode.swift; path = SceneDelegate.swift; sourceTree = "<group>"; };
		D1E96007251891630030BF07 /* ViewController.swift */ = {isa = PBXFileReference; lastKnownFileType = sourcecode.swift; path = ViewController.swift; sourceTree = "<group>"; };
		D1E9600A251891630030BF07 /* Base */ = {isa = PBXFileReference; lastKnownFileType = file.storyboard; name = Base; path = Base.lproj/Main.storyboard; sourceTree = "<group>"; };
		D1E9600C251891690030BF07 /* Assets.xcassets */ = {isa = PBXFileReference; lastKnownFileType = folder.assetcatalog; path = Assets.xcassets; sourceTree = "<group>"; };
		D1E9600F251891690030BF07 /* Base */ = {isa = PBXFileReference; lastKnownFileType = file.storyboard; name = Base; path = Base.lproj/LaunchScreen.storyboard; sourceTree = "<group>"; };
		D1E96011251891690030BF07 /* Info.plist */ = {isa = PBXFileReference; lastKnownFileType = text.plist.xml; path = Info.plist; sourceTree = "<group>"; };
		D1E96016251891690030BF07 /* techitterRDBTests.xctest */ = {isa = PBXFileReference; explicitFileType = wrapper.cfbundle; includeInIndex = 0; path = techitterRDBTests.xctest; sourceTree = BUILT_PRODUCTS_DIR; };
		D1E9601A251891690030BF07 /* techitterRDBTests.swift */ = {isa = PBXFileReference; lastKnownFileType = sourcecode.swift; path = techitterRDBTests.swift; sourceTree = "<group>"; };
		D1E9601C251891690030BF07 /* Info.plist */ = {isa = PBXFileReference; lastKnownFileType = text.plist.xml; path = Info.plist; sourceTree = "<group>"; };
		D1E96021251891690030BF07 /* techitterRDBUITests.xctest */ = {isa = PBXFileReference; explicitFileType = wrapper.cfbundle; includeInIndex = 0; path = techitterRDBUITests.xctest; sourceTree = BUILT_PRODUCTS_DIR; };
		D1E96025251891690030BF07 /* techitterRDBUITests.swift */ = {isa = PBXFileReference; lastKnownFileType = sourcecode.swift; path = techitterRDBUITests.swift; sourceTree = "<group>"; };
		D1E96027251891690030BF07 /* Info.plist */ = {isa = PBXFileReference; lastKnownFileType = text.plist.xml; path = Info.plist; sourceTree = "<group>"; };
		D1E96035251901BC0030BF07 /* TweetViewController.swift */ = {isa = PBXFileReference; lastKnownFileType = sourcecode.swift; path = TweetViewController.swift; sourceTree = "<group>"; };
/* End PBXFileReference section */

/* Begin PBXFrameworksBuildPhase section */
		D1E95FFD251891630030BF07 /* Frameworks */ = {
			isa = PBXFrameworksBuildPhase;
			buildActionMask = 2147483647;
			files = (
			);
			runOnlyForDeploymentPostprocessing = 0;
		};
		D1E96013251891690030BF07 /* Frameworks */ = {
			isa = PBXFrameworksBuildPhase;
			buildActionMask = 2147483647;
			files = (
			);
			runOnlyForDeploymentPostprocessing = 0;
		};
		D1E9601E251891690030BF07 /* Frameworks */ = {
			isa = PBXFrameworksBuildPhase;
			buildActionMask = 2147483647;
			files = (
			);
			runOnlyForDeploymentPostprocessing = 0;
		};
/* End PBXFrameworksBuildPhase section */

/* Begin PBXGroup section */
		D1E95FF7251891620030BF07 = {
			isa = PBXGroup;
			children = (
				D1E96002251891630030BF07 /* techitterRDB */,
				D1E96019251891690030BF07 /* techitterRDBTests */,
				D1E96024251891690030BF07 /* techitterRDBUITests */,
				D1E96001251891630030BF07 /* Products */,
			);
			sourceTree = "<group>";
		};
		D1E96001251891630030BF07 /* Products */ = {
			isa = PBXGroup;
			children = (
				D1E96000251891630030BF07 /* techitterRDB.app */,
				D1E96016251891690030BF07 /* techitterRDBTests.xctest */,
				D1E96021251891690030BF07 /* techitterRDBUITests.xctest */,
			);
			name = Products;
			sourceTree = "<group>";
		};
		D1E96002251891630030BF07 /* techitterRDB */ = {
			isa = PBXGroup;
			children = (
				D1E96003251891630030BF07 /* AppDelegate.swift */,
				D1E96005251891630030BF07 /* SceneDelegate.swift */,
				D1E96007251891630030BF07 /* ViewController.swift */,
				D1E96009251891630030BF07 /* Main.storyboard */,
				D1E9600C251891690030BF07 /* Assets.xcassets */,
				D1E9600E251891690030BF07 /* LaunchScreen.storyboard */,
				D1E96011251891690030BF07 /* Info.plist */,
				D1E96035251901BC0030BF07 /* TweetViewController.swift */,
			);
			path = techitterRDB;
			sourceTree = "<group>";
		};
		D1E96019251891690030BF07 /* techitterRDBTests */ = {
			isa = PBXGroup;
			children = (
				D1E9601A251891690030BF07 /* techitterRDBTests.swift */,
				D1E9601C251891690030BF07 /* Info.plist */,
			);
			path = techitterRDBTests;
			sourceTree = "<group>";
		};
		D1E96024251891690030BF07 /* techitterRDBUITests */ = {
			isa = PBXGroup;
			children = (
				D1E96025251891690030BF07 /* techitterRDBUITests.swift */,
				D1E96027251891690030BF07 /* Info.plist */,
			);
			path = techitterRDBUITests;
			sourceTree = "<group>";
		};
/* End PBXGroup section */

/* Begin PBXNativeTarget section */
		D1E95FFF251891630030BF07 /* techitterRDB */ = {
			isa = PBXNativeTarget;
			buildConfigurationList = D1E9602A251891690030BF07 /* Build configuration list for PBXNativeTarget "techitterRDB" */;
			buildPhases = (
				D1E95FFC251891630030BF07 /* Sources */,
				D1E95FFD251891630030BF07 /* Frameworks */,
				D1E95FFE251891630030BF07 /* Resources */,
			);
			buildRules = (
			);
			dependencies = (
			);
			name = techitterRDB;
			productName = techitterRDB;
			productReference = D1E96000251891630030BF07 /* techitterRDB.app */;
			productType = "com.apple.product-type.application";
		};
		D1E96015251891690030BF07 /* techitterRDBTests */ = {
			isa = PBXNativeTarget;
			buildConfigurationList = D1E9602D251891690030BF07 /* Build configuration list for PBXNativeTarget "techitterRDBTests" */;
			buildPhases = (
				D1E96012251891690030BF07 /* Sources */,
				D1E96013251891690030BF07 /* Frameworks */,
				D1E96014251891690030BF07 /* Resources */,
			);
			buildRules = (
			);
			dependencies = (
				D1E96018251891690030BF07 /* PBXTargetDependency */,
			);
			name = techitterRDBTests;
			productName = techitterRDBTests;
			productReference = D1E96016251891690030BF07 /* techitterRDBTests.xctest */;
			productType = "com.apple.product-type.bundle.unit-test";
		};
		D1E96020251891690030BF07 /* techitterRDBUITests */ = {
			isa = PBXNativeTarget;
			buildConfigurationList = D1E96030251891690030BF07 /* Build configuration list for PBXNativeTarget "techitterRDBUITests" */;
			buildPhases = (
				D1E9601D251891690030BF07 /* Sources */,
				D1E9601E251891690030BF07 /* Frameworks */,
				D1E9601F251891690030BF07 /* Resources */,
			);
			buildRules = (
			);
			dependencies = (
				D1E96023251891690030BF07 /* PBXTargetDependency */,
			);
			name = techitterRDBUITests;
			productName = techitterRDBUITests;
			productReference = D1E96021251891690030BF07 /* techitterRDBUITests.xctest */;
			productType = "com.apple.product-type.bundle.ui-testing";
		};
/* End PBXNativeTarget section */

/* Begin PBXProject section */
		D1E95FF8251891620030BF07 /* Project object */ = {
			isa = PBXProject;
			attributes = {
				LastSwiftUpdateCheck = 1170;
				LastUpgradeCheck = 1170;
				ORGANIZATIONNAME = "関川隼人";
				TargetAttributes = {
					D1E95FFF251891630030BF07 = {
						CreatedOnToolsVersion = 11.7;
					};
					D1E96015251891690030BF07 = {
						CreatedOnToolsVersion = 11.7;
						TestTargetID = D1E95FFF251891630030BF07;
					};
					D1E96020251891690030BF07 = {
						CreatedOnToolsVersion = 11.7;
						TestTargetID = D1E95FFF251891630030BF07;
					};
				};
			};
			buildConfigurationList = D1E95FFB251891620030BF07 /* Build configuration list for PBXProject "techitterRDB" */;
			compatibilityVersion = "Xcode 9.3";
			developmentRegion = en;
			hasScannedForEncodings = 0;
			knownRegions = (
				en,
				Base,
			);
			mainGroup = D1E95FF7251891620030BF07;
			productRefGroup = D1E96001251891630030BF07 /* Products */;
			projectDirPath = "";
			projectRoot = "";
			targets = (
				D1E95FFF251891630030BF07 /* techitterRDB */,
				D1E96015251891690030BF07 /* techitterRDBTests */,
				D1E96020251891690030BF07 /* techitterRDBUITests */,
			);
		};
/* End PBXProject section */

/* Begin PBXResourcesBuildPhase section */
		D1E95FFE251891630030BF07 /* Resources */ = {
			isa = PBXResourcesBuildPhase;
			buildActionMask = 2147483647;
			files = (
				D1E96010251891690030BF07 /* LaunchScreen.storyboard in Resources */,
				D1E9600D251891690030BF07 /* Assets.xcassets in Resources */,
				D1E9600B251891630030BF07 /* Main.storyboard in Resources */,
			);
			runOnlyForDeploymentPostprocessing = 0;
		};
		D1E96014251891690030BF07 /* Resources */ = {
			isa = PBXResourcesBuildPhase;
			buildActionMask = 2147483647;
			files = (
			);
			runOnlyForDeploymentPostprocessing = 0;
		};
		D1E9601F251891690030BF07 /* Resources */ = {
			isa = PBXResourcesBuildPhase;
			buildActionMask = 2147483647;
			files = (
			);
			runOnlyForDeploymentPostprocessing = 0;
		};
/* End PBXResourcesBuildPhase section */

/* Begin PBXSourcesBuildPhase section */
		D1E95FFC251891630030BF07 /* Sources */ = {
			isa = PBXSourcesBuildPhase;
			buildActionMask = 2147483647;
			files = (
				D1E96036251901BC0030BF07 /* TweetViewController.swift in Sources */,
				D1E96008251891630030BF07 /* ViewController.swift in Sources */,
				D1E96004251891630030BF07 /* AppDelegate.swift in Sources */,
				D1E96006251891630030BF07 /* SceneDelegate.swift in Sources */,
			);
			runOnlyForDeploymentPostprocessing = 0;
		};
		D1E96012251891690030BF07 /* Sources */ = {
			isa = PBXSourcesBuildPhase;
			buildActionMask = 2147483647;
			files = (
				D1E9601B251891690030BF07 /* techitterRDBTests.swift in Sources */,
			);
			runOnlyForDeploymentPostprocessing = 0;
		};
		D1E9601D251891690030BF07 /* Sources */ = {
			isa = PBXSourcesBuildPhase;
			buildActionMask = 2147483647;
			files = (
				D1E96026251891690030BF07 /* techitterRDBUITests.swift in Sources */,
			);
			runOnlyForDeploymentPostprocessing = 0;
		};
/* End PBXSourcesBuildPhase section */

/* Begin PBXTargetDependency section */
		D1E96018251891690030BF07 /* PBXTargetDependency */ = {
			isa = PBXTargetDependency;
			target = D1E95FFF251891630030BF07 /* techitterRDB */;
			targetProxy = D1E96017251891690030BF07 /* PBXContainerItemProxy */;
		};
		D1E96023251891690030BF07 /* PBXTargetDependency */ = {
			isa = PBXTargetDependency;
			target = D1E95FFF251891630030BF07 /* techitterRDB */;
			targetProxy = D1E96022251891690030BF07 /* PBXContainerItemProxy */;
		};
/* End PBXTargetDependency section */

/* Begin PBXVariantGroup section */
		D1E96009251891630030BF07 /* Main.storyboard */ = {
			isa = PBXVariantGroup;
			children = (
				D1E9600A251891630030BF07 /* Base */,
			);
			name = Main.storyboard;
			sourceTree = "<group>";
		};
		D1E9600E251891690030BF07 /* LaunchScreen.storyboard */ = {
			isa = PBXVariantGroup;
			children = (
				D1E9600F251891690030BF07 /* Base */,
			);
			name = LaunchScreen.storyboard;
			sourceTree = "<group>";
		};
/* End PBXVariantGroup section */

/* Begin XCBuildConfiguration section */
		D1E96028251891690030BF07 /* Debug */ = {
			isa = XCBuildConfiguration;
			buildSettings = {
				ALWAYS_SEARCH_USER_PATHS = NO;
				CLANG_ANALYZER_NONNULL = YES;
				CLANG_ANALYZER_NUMBER_OBJECT_CONVERSION = YES_AGGRESSIVE;
				CLANG_CXX_LANGUAGE_STANDARD = "gnu++14";
				CLANG_CXX_LIBRARY = "libc++";
				CLANG_ENABLE_MODULES = YES;
				CLANG_ENABLE_OBJC_ARC = YES;
				CLANG_ENABLE_OBJC_WEAK = YES;
				CLANG_WARN_BLOCK_CAPTURE_AUTORELEASING = YES;
				CLANG_WARN_BOOL_CONVERSION = YES;
				CLANG_WARN_COMMA = YES;
				CLANG_WARN_CONSTANT_CONVERSION = YES;
				CLANG_WARN_DEPRECATED_OBJC_IMPLEMENTATIONS = YES;
				CLANG_WARN_DIRECT_OBJC_ISA_USAGE = YES_ERROR;
				CLANG_WARN_DOCUMENTATION_COMMENTS = YES;
				CLANG_WARN_EMPTY_BODY = YES;
				CLANG_WARN_ENUM_CONVERSION = YES;
				CLANG_WARN_INFINITE_RECURSION = YES;
				CLANG_WARN_INT_CONVERSION = YES;
				CLANG_WARN_NON_LITERAL_NULL_CONVERSION = YES;
				CLANG_WARN_OBJC_IMPLICIT_RETAIN_SELF = YES;
				CLANG_WARN_OBJC_LITERAL_CONVERSION = YES;
				CLANG_WARN_OBJC_ROOT_CLASS = YES_ERROR;
				CLANG_WARN_RANGE_LOOP_ANALYSIS = YES;
				CLANG_WARN_STRICT_PROTOTYPES = YES;
				CLANG_WARN_SUSPICIOUS_MOVE = YES;
				CLANG_WARN_UNGUARDED_AVAILABILITY = YES_AGGRESSIVE;
				CLANG_WARN_UNREACHABLE_CODE = YES;
				CLANG_WARN__DUPLICATE_METHOD_MATCH = YES;
				COPY_PHASE_STRIP = NO;
				DEBUG_INFORMATION_FORMAT = dwarf;
				ENABLE_STRICT_OBJC_MSGSEND = YES;
				ENABLE_TESTABILITY = YES;
				GCC_C_LANGUAGE_STANDARD = gnu11;
				GCC_DYNAMIC_NO_PIC = NO;
				GCC_NO_COMMON_BLOCKS = YES;
				GCC_OPTIMIZATION_LEVEL = 0;
				GCC_PREPROCESSOR_DEFINITIONS = (
					"DEBUG=1",
					"$(inherited)",
				);
				GCC_WARN_64_TO_32_BIT_CONVERSION = YES;
				GCC_WARN_ABOUT_RETURN_TYPE = YES_ERROR;
				GCC_WARN_UNDECLARED_SELECTOR = YES;
				GCC_WARN_UNINITIALIZED_AUTOS = YES_AGGRESSIVE;
				GCC_WARN_UNUSED_FUNCTION = YES;
				GCC_WARN_UNUSED_VARIABLE = YES;
				IPHONEOS_DEPLOYMENT_TARGET = 13.7;
				MTL_ENABLE_DEBUG_INFO = INCLUDE_SOURCE;
				MTL_FAST_MATH = YES;
				ONLY_ACTIVE_ARCH = YES;
				SDKROOT = iphoneos;
				SWIFT_ACTIVE_COMPILATION_CONDITIONS = DEBUG;
				SWIFT_OPTIMIZATION_LEVEL = "-Onone";
			};
			name = Debug;
		};
		D1E96029251891690030BF07 /* Release */ = {
			isa = XCBuildConfiguration;
			buildSettings = {
				ALWAYS_SEARCH_USER_PATHS = NO;
				CLANG_ANALYZER_NONNULL = YES;
				CLANG_ANALYZER_NUMBER_OBJECT_CONVERSION = YES_AGGRESSIVE;
				CLANG_CXX_LANGUAGE_STANDARD = "gnu++14";
				CLANG_CXX_LIBRARY = "libc++";
				CLANG_ENABLE_MODULES = YES;
				CLANG_ENABLE_OBJC_ARC = YES;
				CLANG_ENABLE_OBJC_WEAK = YES;
				CLANG_WARN_BLOCK_CAPTURE_AUTORELEASING = YES;
				CLANG_WARN_BOOL_CONVERSION = YES;
				CLANG_WARN_COMMA = YES;
				CLANG_WARN_CONSTANT_CONVERSION = YES;
				CLANG_WARN_DEPRECATED_OBJC_IMPLEMENTATIONS = YES;
				CLANG_WARN_DIRECT_OBJC_ISA_USAGE = YES_ERROR;
				CLANG_WARN_DOCUMENTATION_COMMENTS = YES;
				CLANG_WARN_EMPTY_BODY = YES;
				CLANG_WARN_ENUM_CONVERSION = YES;
				CLANG_WARN_INFINITE_RECURSION = YES;
				CLANG_WARN_INT_CONVERSION = YES;
				CLANG_WARN_NON_LITERAL_NULL_CONVERSION = YES;
				CLANG_WARN_OBJC_IMPLICIT_RETAIN_SELF = YES;
				CLANG_WARN_OBJC_LITERAL_CONVERSION = YES;
				CLANG_WARN_OBJC_ROOT_CLASS = YES_ERROR;
				CLANG_WARN_RANGE_LOOP_ANALYSIS = YES;
				CLANG_WARN_STRICT_PROTOTYPES = YES;
				CLANG_WARN_SUSPICIOUS_MOVE = YES;
				CLANG_WARN_UNGUARDED_AVAILABILITY = YES_AGGRESSIVE;
				CLANG_WARN_UNREACHABLE_CODE = YES;
				CLANG_WARN__DUPLICATE_METHOD_MATCH = YES;
				COPY_PHASE_STRIP = NO;
				DEBUG_INFORMATION_FORMAT = "dwarf-with-dsym";
				ENABLE_NS_ASSERTIONS = NO;
				ENABLE_STRICT_OBJC_MSGSEND = YES;
				GCC_C_LANGUAGE_STANDARD = gnu11;
				GCC_NO_COMMON_BLOCKS = YES;
				GCC_WARN_64_TO_32_BIT_CONVERSION = YES;
				GCC_WARN_ABOUT_RETURN_TYPE = YES_ERROR;
				GCC_WARN_UNDECLARED_SELECTOR = YES;
				GCC_WARN_UNINITIALIZED_AUTOS = YES_AGGRESSIVE;
				GCC_WARN_UNUSED_FUNCTION = YES;
				GCC_WARN_UNUSED_VARIABLE = YES;
				IPHONEOS_DEPLOYMENT_TARGET = 13.7;
				MTL_ENABLE_DEBUG_INFO = NO;
				MTL_FAST_MATH = YES;
				SDKROOT = iphoneos;
				SWIFT_COMPILATION_MODE = wholemodule;
				SWIFT_OPTIMIZATION_LEVEL = "-O";
				VALIDATE_PRODUCT = YES;
			};
			name = Release;
		};
		D1E9602B251891690030BF07 /* Debug */ = {
			isa = XCBuildConfiguration;
			buildSettings = {
				ASSETCATALOG_COMPILER_APPICON_NAME = AppIcon;
				CODE_SIGN_STYLE = Automatic;
				INFOPLIST_FILE = techitterRDB/Info.plist;
				LD_RUNPATH_SEARCH_PATHS = (
					"$(inherited)",
					"@executable_path/Frameworks",
				);
				PRODUCT_BUNDLE_IDENTIFIER = app.dump.techitterRDB;
				PRODUCT_NAME = "$(TARGET_NAME)";
				SWIFT_VERSION = 5.0;
				TARGETED_DEVICE_FAMILY = "1,2";
			};
			name = Debug;
		};
		D1E9602C251891690030BF07 /* Release */ = {
			isa = XCBuildConfiguration;
			buildSettings = {
				ASSETCATALOG_COMPILER_APPICON_NAME = AppIcon;
				CODE_SIGN_STYLE = Automatic;
				INFOPLIST_FILE = techitterRDB/Info.plist;
				LD_RUNPATH_SEARCH_PATHS = (
					"$(inherited)",
					"@executable_path/Frameworks",
				);
				PRODUCT_BUNDLE_IDENTIFIER = app.dump.techitterRDB;
				PRODUCT_NAME = "$(TARGET_NAME)";
				SWIFT_VERSION = 5.0;
				TARGETED_DEVICE_FAMILY = "1,2";
			};
			name = Release;
		};
		D1E9602E251891690030BF07 /* Debug */ = {
			isa = XCBuildConfiguration;
			buildSettings = {
				ALWAYS_EMBED_SWIFT_STANDARD_LIBRARIES = YES;
				BUNDLE_LOADER = "$(TEST_HOST)";
				CODE_SIGN_STYLE = Automatic;
				INFOPLIST_FILE = techitterRDBTests/Info.plist;
				IPHONEOS_DEPLOYMENT_TARGET = 13.7;
				LD_RUNPATH_SEARCH_PATHS = (
					"$(inherited)",
					"@executable_path/Frameworks",
					"@loader_path/Frameworks",
				);
				PRODUCT_BUNDLE_IDENTIFIER = app.dump.techitterRDBTests;
				PRODUCT_NAME = "$(TARGET_NAME)";
				SWIFT_VERSION = 5.0;
				TARGETED_DEVICE_FAMILY = "1,2";
				TEST_HOST = "$(BUILT_PRODUCTS_DIR)/techitterRDB.app/techitterRDB";
			};
			name = Debug;
		};
		D1E9602F251891690030BF07 /* Release */ = {
			isa = XCBuildConfiguration;
			buildSettings = {
				ALWAYS_EMBED_SWIFT_STANDARD_LIBRARIES = YES;
				BUNDLE_LOADER = "$(TEST_HOST)";
				CODE_SIGN_STYLE = Automatic;
				INFOPLIST_FILE = techitterRDBTests/Info.plist;
				IPHONEOS_DEPLOYMENT_TARGET = 13.7;
				LD_RUNPATH_SEARCH_PATHS = (
					"$(inherited)",
					"@executable_path/Frameworks",
					"@loader_path/Frameworks",
				);
				PRODUCT_BUNDLE_IDENTIFIER = app.dump.techitterRDBTests;
				PRODUCT_NAME = "$(TARGET_NAME)";
				SWIFT_VERSION = 5.0;
				TARGETED_DEVICE_FAMILY = "1,2";
				TEST_HOST = "$(BUILT_PRODUCTS_DIR)/techitterRDB.app/techitterRDB";
			};
			name = Release;
		};
		D1E96031251891690030BF07 /* Debug */ = {
			isa = XCBuildConfiguration;
			buildSettings = {
				ALWAYS_EMBED_SWIFT_STANDARD_LIBRARIES = YES;
				CODE_SIGN_STYLE = Automatic;
				INFOPLIST_FILE = techitterRDBUITests/Info.plist;
				LD_RUNPATH_SEARCH_PATHS = (
					"$(inherited)",
					"@executable_path/Frameworks",
					"@loader_path/Frameworks",
				);
				PRODUCT_BUNDLE_IDENTIFIER = app.dump.techitterRDBUITests;
				PRODUCT_NAME = "$(TARGET_NAME)";
				SWIFT_VERSION = 5.0;
				TARGETED_DEVICE_FAMILY = "1,2";
				TEST_TARGET_NAME = techitterRDB;
			};
			name = Debug;
		};
		D1E96032251891690030BF07 /* Release */ = {
			isa = XCBuildConfiguration;
			buildSettings = {
				ALWAYS_EMBED_SWIFT_STANDARD_LIBRARIES = YES;
				CODE_SIGN_STYLE = Automatic;
				INFOPLIST_FILE = techitterRDBUITests/Info.plist;
				LD_RUNPATH_SEARCH_PATHS = (
					"$(inherited)",
					"@executable_path/Frameworks",
					"@loader_path/Frameworks",
				);
				PRODUCT_BUNDLE_IDENTIFIER = app.dump.techitterRDBUITests;
				PRODUCT_NAME = "$(TARGET_NAME)";
				SWIFT_VERSION = 5.0;
				TARGETED_DEVICE_FAMILY = "1,2";
				TEST_TARGET_NAME = techitterRDB;
			};
			name = Release;
		};
/* End XCBuildConfiguration section */

/* Begin XCConfigurationList section */
		D1E95FFB251891620030BF07 /* Build configuration list for PBXProject "techitterRDB" */ = {
			isa = XCConfigurationList;
			buildConfigurations = (
				D1E96028251891690030BF07 /* Debug */,
				D1E96029251891690030BF07 /* Release */,
			);
			defaultConfigurationIsVisible = 0;
			defaultConfigurationName = Release;
		};
		D1E9602A251891690030BF07 /* Build configuration list for PBXNativeTarget "techitterRDB" */ = {
			isa = XCConfigurationList;
			buildConfigurations = (
				D1E9602B251891690030BF07 /* Debug */,
				D1E9602C251891690030BF07 /* Release */,
			);
			defaultConfigurationIsVisible = 0;
			defaultConfigurationName = Release;
		};
		D1E9602D251891690030BF07 /* Build configuration list for PBXNativeTarget "techitterRDBTests" */ = {
			isa = XCConfigurationList;
			buildConfigurations = (
				D1E9602E251891690030BF07 /* Debug */,
				D1E9602F251891690030BF07 /* Release */,
			);
			defaultConfigurationIsVisible = 0;
			defaultConfigurationName = Release;
		};
		D1E96030251891690030BF07 /* Build configuration list for PBXNativeTarget "techitterRDBUITests" */ = {
			isa = XCConfigurationList;
			buildConfigurations = (
				D1E96031251891690030BF07 /* Debug */,
				D1E96032251891690030BF07 /* Release */,
			);
			defaultConfigurationIsVisible = 0;
			defaultConfigurationName = Release;
		};
/* End XCConfigurationList section */
	};
	rootObject = D1E95FF8251891620030BF07 /* Project object */;
}
